<?xml version="1.0" encoding="utf-8"?>
<Project ToolsVersion="4.0" xmlns="http://schemas.microsoft.com/developer/msbuild/2003">
  <ItemGroup>
    <Filter Include="Source Files">
      <UniqueIdentifier>{4FC737F1-C7A5-4376-A066-2A32D752A2FF}</UniqueIdentifier>
      <Extensions>cpp;c;cc;cxx;def;odl;idl;hpj;bat;asm;asmx</Extensions>
    </Filter>
    <Filter Include="Header Files">
      <UniqueIdentifier>{93995380-89BD-4b04-88EB-625FBE52EBFB}</UniqueIdentifier>
      <Extensions>h;hh;hpp;hxx;hm;inl;inc;xsd</Extensions>
    </Filter>
    <Filter Include="Header Files\MACHINE">
      <UniqueIdentifier>{7621bbd2-9179-4a1a-8cbd-c61f68eb71d0}</UniqueIdentifier>
    </Filter>
    <Filter Include="Header Files\ACTION">
      <UniqueIdentifier>{75d1cb6c-cda8-46ff-81d8-80b5e71a9582}</UniqueIdentifier>
    </Filter>
    <Filter Include="Header Files\TFT_ARCH">
      <UniqueIdentifier>{f8b2f007-8a9f-4eab-9c8c-fce97941c935}</UniqueIdentifier>
    </Filter>
    <Filter Include="Source Files\MACHINE">
      <UniqueIdentifier>{d1611f78-72df-443f-b822-3745ab1158f6}</UniqueIdentifier>
    </Filter>
    <Filter Include="Source Files\ACTION">
      <UniqueIdentifier>{8f3ab675-30bc-467e-af1b-6653fee839c0}</UniqueIdentifier>
    </Filter>
    <Filter Include="Source Files\TFT_ARCH">
      <UniqueIdentifier>{826113c3-026e-4575-b893-5f56242822ff}</UniqueIdentifier>
    </Filter>
  </ItemGroup>
  <ItemGroup>
    <ClInclude Include="MACHINE.h">
      <Filter>Header Files\MACHINE</Filter>
    </ClInclude>
    <ClInclude Include="Action.h">
      <Filter>Header Files\ACTION</Filter>
    </ClInclude>
    <ClInclude Include="Engine.h">
      <Filter>Header Files\MACHINE</Filter>
    </ClInclude>
    <ClInclude Include="ExecutableAction.h">
      <Filter>Header Files\ACTION</Filter>
    </ClInclude>
    <ClInclude Include="InstructionAction.h">
      <Filter>Header Files\ACTION</Filter>
    </ClInclude>
    <ClInclude Include="Memory.h">
      <Filter>Header Files\MACHINE</Filter>
    </ClInclude>
    <ClInclude Include="Processor.h">
      <Filter>Header Files\MACHINE</Filter>
    </ClInclude>
    <ClInclude Include="TFT_ARCH.h">
      <Filter>Header Files\TFT_ARCH</Filter>
    </ClInclude>
    <ClInclude Include="TFT_ARCH_InstructionExecutationStages.h">
      <Filter>Header Files\TFT_ARCH</Filter>
    </ClInclude>
    <ClInclude Include="TFT_ARCH_InstructionsActions.h">
      <Filter>Header Files\TFT_ARCH</Filter>
    </ClInclude>
  </ItemGroup>
  <ItemGroup>
    <ClCompile Include="Engine.cpp">
      <Filter>Source Files\MACHINE</Filter>
    </ClCompile>
    <ClCompile Include="Memory.cpp">
      <Filter>Source Files\MACHINE</Filter>
    </ClCompile>
    <ClCompile Include="Processor.cpp">
      <Filter>Source Files\MACHINE</Filter>
    </ClCompile>
    <ClCompile Include="Action.cpp">
      <Filter>Source Files\ACTION</Filter>
    </ClCompile>
    <ClCompile Include="ExecutableAction.cpp">
      <Filter>Source Files\ACTION</Filter>
    </ClCompile>
    <ClCompile Include="InstructionAction.cpp">
      <Filter>Source Files\ACTION</Filter>
    </ClCompile>
    <ClCompile Include="TFT_ARCH_InstructionExecutationStages.cpp">
      <Filter>Source Files\TFT_ARCH</Filter>
    </ClCompile>
    <ClCompile Include="TFT_ARCH_InstructionsActions.cpp">
      <Filter>Source Files\TFT_ARCH</Filter>
    </ClCompile>
    <ClCompile Include="main.cpp">
      <Filter>Source Files</Filter>
    </ClCompile>
  </ItemGroup>
</Project>