<?xml version="1.0" encoding="utf-8"?>
<Project ToolsVersion="4.0" xmlns="http://schemas.microsoft.com/developer/msbuild/2003">
  <ItemGroup>
    <Filter Include="Source Files">
      <UniqueIdentifier>{4FC737F1-C7A5-4376-A066-2A32D752A2FF}</UniqueIdentifier>
      <Extensions>cpp;c;cc;cxx;def;odl;idl;hpj;bat;asm;asmx</Extensions>
    </Filter>
    <Filter Include="Header Files">
      <UniqueIdentifier>{93995380-89BD-4b04-88EB-625FBE52EBFB}</UniqueIdentifier>
      <Extensions>h;hh;hpp;hxx;hm;inl;inc;xsd</Extensions>
    </Filter>
    <Filter Include="Header Files\ACTION">
      <UniqueIdentifier>{75d1cb6c-cda8-46ff-81d8-80b5e71a9582}</UniqueIdentifier>
    </Filter>
    <Filter Include="Header Files\TFT_ARCH">
      <UniqueIdentifier>{f8b2f007-8a9f-4eab-9c8c-fce97941c935}</UniqueIdentifier>
    </Filter>
    <Filter Include="Source Files\ACTION">
      <UniqueIdentifier>{8f3ab675-30bc-467e-af1b-6653fee839c0}</UniqueIdentifier>
    </Filter>
    <Filter Include="Source Files\TFT_ARCH">
      <UniqueIdentifier>{826113c3-026e-4575-b893-5f56242822ff}</UniqueIdentifier>
    </Filter>
    <Filter Include="Header Files\TURING_MACHINE">
      <UniqueIdentifier>{7621bbd2-9179-4a1a-8cbd-c61f68eb71d0}</UniqueIdentifier>
    </Filter>
    <Filter Include="Source Files\TURING_MACHINE">
      <UniqueIdentifier>{d1611f78-72df-443f-b822-3745ab1158f6}</UniqueIdentifier>
    </Filter>
    <Filter Include="Source Files\PARSER">
      <UniqueIdentifier>{c369bc7f-5ead-47de-bd43-02f6e3994364}</UniqueIdentifier>
    </Filter>
    <Filter Include="Header Files\PARSER">
      <UniqueIdentifier>{5446c220-82e3-456e-8951-10fb0f1b2262}</UniqueIdentifier>
    </Filter>
  </ItemGroup>
  <ItemGroup>
    <ClInclude Include="TFT_ARCH.h">
      <Filter>Header Files\TFT_ARCH</Filter>
    </ClInclude>
    <ClInclude Include="word_t.h">
      <Filter>Header Files\TURING_MACHINE</Filter>
    </ClInclude>
    <ClInclude Include="processor.h">
      <Filter>Header Files\TURING_MACHINE</Filter>
    </ClInclude>
    <ClInclude Include="memory.h">
      <Filter>Header Files\TURING_MACHINE</Filter>
    </ClInclude>
    <ClInclude Include="engine.h">
      <Filter>Header Files\TURING_MACHINE</Filter>
    </ClInclude>
    <ClInclude Include="TURING_MACHINE.h">
      <Filter>Header Files\TURING_MACHINE</Filter>
    </ClInclude>
    <ClInclude Include="turing_machine_prototype.h">
      <Filter>Header Files\TURING_MACHINE</Filter>
    </ClInclude>
    <ClInclude Include="action.h">
      <Filter>Header Files\ACTION</Filter>
    </ClInclude>
    <ClInclude Include="executable_action.h">
      <Filter>Header Files\ACTION</Filter>
    </ClInclude>
    <ClInclude Include="instruction_action.h">
      <Filter>Header Files\ACTION</Filter>
    </ClInclude>
    <ClInclude Include="TFT_ARCH_instr_exec_requirement.h">
      <Filter>Header Files\TFT_ARCH</Filter>
    </ClInclude>
    <ClInclude Include="TFT_ARCH_instructions_actions.h">
      <Filter>Header Files\TFT_ARCH</Filter>
    </ClInclude>
    <ClInclude Include="TFT_ARCH_machine.h">
      <Filter>Header Files\TFT_ARCH</Filter>
    </ClInclude>
    <ClInclude Include="TFT_ARCH_instr_stage_requirement.h">
      <Filter>Header Files\TFT_ARCH</Filter>
    </ClInclude>
    <ClInclude Include="TFT_ARCH_instr_engine_requirement.h">
      <Filter>Header Files\TFT_ARCH</Filter>
    </ClInclude>
    <ClInclude Include="mif_parser.h">
      <Filter>Header Files\PARSER</Filter>
    </ClInclude>
  </ItemGroup>
  <ItemGroup>
    <ClCompile Include="word_t.cpp">
      <Filter>Source Files\TURING_MACHINE</Filter>
    </ClCompile>
    <ClCompile Include="engine.tpp">
      <Filter>Source Files\TURING_MACHINE</Filter>
    </ClCompile>
    <ClCompile Include="memory.cpp">
      <Filter>Source Files\TURING_MACHINE</Filter>
    </ClCompile>
    <ClCompile Include="processor.cpp">
      <Filter>Source Files\TURING_MACHINE</Filter>
    </ClCompile>
    <ClCompile Include="turing_machine_prototype.cpp">
      <Filter>Source Files\TURING_MACHINE</Filter>
    </ClCompile>
    <ClCompile Include="action.cpp">
      <Filter>Source Files\ACTION</Filter>
    </ClCompile>
    <ClCompile Include="executable_action.cpp">
      <Filter>Source Files\ACTION</Filter>
    </ClCompile>
    <ClCompile Include="instruction_action.cpp">
      <Filter>Source Files\ACTION</Filter>
    </ClCompile>
    <ClCompile Include="TFT_ARCH_instr_exec_requirement.cpp">
      <Filter>Source Files\TFT_ARCH</Filter>
    </ClCompile>
    <ClCompile Include="TFT_ARCH_instructions_actions.cpp">
      <Filter>Source Files\TFT_ARCH</Filter>
    </ClCompile>
    <ClCompile Include="TFT_ARCH_machine.cpp">
      <Filter>Source Files\TFT_ARCH</Filter>
    </ClCompile>
    <ClCompile Include="TFT_ARCH_instr_stage_requirement.cpp">
      <Filter>Source Files\TFT_ARCH</Filter>
    </ClCompile>
    <ClCompile Include="TFT_ARCH_instr_engine_requirement.cpp">
      <Filter>Source Files\TFT_ARCH</Filter>
    </ClCompile>
    <ClCompile Include="mif_parser.cpp">
      <Filter>Source Files\PARSER</Filter>
    </ClCompile>
  </ItemGroup>
</Project>